{
  "version": 4,
  "terraform_version": "1.3.5",
  "serial": 6,
  "lineage": "730d882c-7faa-72f6-234c-c5a4646a2cc2",
  "outputs": {},
  "resources": [
    {
      "mode": "managed",
      "type": "azurerm_container_group",
      "name": "lkaz204acg",
      "provider": "provider[\"registry.terraform.io/hashicorp/azurerm\"]",
      "instances": [
        {
          "schema_version": 0,
          "attributes": {
            "container": [
              {
                "commands": [],
                "cpu": 1,
                "environment_variables": null,
                "gpu": [],
                "image": "lathishg/myapi",
                "liveness_probe": [],
                "memory": 1,
                "name": "myappapi",
                "ports": [
                  {
                    "port": 80,
                    "protocol": "TCP"
                  }
                ],
                "readiness_probe": [],
                "secure_environment_variables": null,
                "volume": []
              }
            ],
            "diagnostics": [],
            "dns_config": [],
            "dns_name_label": "lathishappapi",
            "exposed_port": [
              {
                "port": 80,
                "protocol": "TCP"
              }
            ],
            "fqdn": "lathishappapi.westus2.azurecontainer.io",
            "id": "/subscriptions/57adea76-5ee6-4f78-8e03-ef54f83663ea/resourceGroups/lkaz204-rg/providers/Microsoft.ContainerInstance/containerGroups/myappapi",
            "identity": [],
            "image_registry_credential": [],
            "ip_address": "20.69.175.180",
            "ip_address_type": "Public",
            "location": "westus2",
            "name": "myappapi",
            "network_profile_id": null,
            "os_type": "Linux",
            "resource_group_name": "lkaz204-rg",
            "restart_policy": "Always",
            "tags": null,
            "timeouts": null
          },
          "sensitive_attributes": [],
          "private": "eyJlMmJmYjczMC1lY2FhLTExZTYtOGY4OC0zNDM2M2JjN2M0YzAiOnsiY3JlYXRlIjoxODAwMDAwMDAwMDAwLCJkZWxldGUiOjE4MDAwMDAwMDAwMDAsInJlYWQiOjMwMDAwMDAwMDAwMCwidXBkYXRlIjoxODAwMDAwMDAwMDAwfX0=",
          "dependencies": [
            "azurerm_resource_group.lkaz204rg"
          ]
        }
      ]
    },
    {
      "mode": "managed",
      "type": "azurerm_resource_group",
      "name": "lkaz204rg",
      "provider": "provider[\"registry.terraform.io/hashicorp/azurerm\"]",
      "instances": [
        {
          "schema_version": 0,
          "attributes": {
            "id": "/subscriptions/57adea76-5ee6-4f78-8e03-ef54f83663ea/resourceGroups/lkaz204-rg",
            "location": "westus2",
            "name": "lkaz204-rg",
            "tags": null,
            "timeouts": null
          },
          "sensitive_attributes": [],
          "private": "eyJlMmJmYjczMC1lY2FhLTExZTYtOGY4OC0zNDM2M2JjN2M0YzAiOnsiY3JlYXRlIjo1NDAwMDAwMDAwMDAwLCJkZWxldGUiOjU0MDAwMDAwMDAwMDAsInJlYWQiOjMwMDAwMDAwMDAwMCwidXBkYXRlIjo1NDAwMDAwMDAwMDAwfX0="
        }
      ]
    }
  ],
  "check_results": null
}
